
Microsoft Visual Studio Solution File, Format Version 12.00
# Visual Studio Version 16
VisualStudioVersion = 16.0.30503.244
MinimumVisualStudioVersion = 10.0.40219.1
Project("{FAE04EC0-301F-11D3-BF4B-00C04F79EFBC}") = "Calculator", "Calculator\Calculator.csproj", "{2A71B0D9-F0A8-4EA8-A903-D78C9C565839}"
EndProject
Project("{FAE04EC0-301F-11D3-BF4B-00C04F79EFBC}") = "Calculator.Tests", "Calculator.Tests\Calculator.Tests.csproj", "{4FC3DF99-64F4-4B58-94DB-521B9A8E9B25}"
EndProject
Global
	GlobalSection(SolutionConfigurationPlatforms) = preSolution
		Debug|Any CPU = Debug|Any CPU
		Release|Any CPU = Release|Any CPU
	EndGlobalSection
	GlobalSection(ProjectConfigurationPlatforms) = postSolution
		{2A71B0D9-F0A8-4EA8-A903-D78C9C565839}.Debug|Any CPU.ActiveCfg = Debug|Any CPU
		{2A71B0D9-F0A8-4EA8-A903-D78C9C565839}.Debug|Any CPU.Build.0 = Debug|Any CPU
		{2A71B0D9-F0A8-4EA8-A903-D78C9C565839}.Release|Any CPU.ActiveCfg = Release|Any CPU
		{2A71B0D9-F0A8-4EA8-A903-D78C9C565839}.Release|Any CPU.Build.0 = Release|Any CPU
		{4FC3DF99-64F4-4B58-94DB-521B9A8E9B25}.Debug|Any CPU.ActiveCfg = Debug|Any CPU
		{4FC3DF99-64F4-4B58-94DB-521B9A8E9B25}.Debug|Any CPU.Build.0 = Debug|Any CPU
		{4FC3DF99-64F4-4B58-94DB-521B9A8E9B25}.Release|Any CPU.ActiveCfg = Release|Any CPU
		{4FC3DF99-64F4-4B58-94DB-521B9A8E9B25}.Release|Any CPU.Build.0 = Release|Any CPU
	EndGlobalSection
	GlobalSection(SolutionProperties) = preSolution
		HideSolutionNode = FALSE
	EndGlobalSection
	GlobalSection(ExtensibilityGlobals) = postSolution
		SolutionGuid = {C59F9A4B-311E-4862-83E7-49B21F869E06}
	EndGlobalSection
EndGlobal
